
Microsoft Visual Studio Solution File, Format Version 12.00
# Visual Studio 2013
VisualStudioVersion = 12.0.40629.0
MinimumVisualStudioVersion = 10.0.40219.1
Project("{FAE04EC0-301F-11D3-BF4B-00C04F79EFBC}") = "MarcelJoachimKloubert.SendNET", "MarcelJoachimKloubert.SendNET\MarcelJoachimKloubert.SendNET.csproj", "{62DA474B-23FA-4337-8E0E-C6821336E4BD}"
EndProject
Project("{F184B08F-C81C-45F6-A57F-5ABD9991F28F}") = "MarcelJoachimKloubert.SendNET.ConsoleApp", "MarcelJoachimKloubert.SendNET.ConsoleApp\MarcelJoachimKloubert.SendNET.ConsoleApp.vbproj", "{CCC011BA-A807-48EE-85E4-BA8D3D0E6B0C}"
EndProject
Project("{2150E333-8FDC-42A3-9474-1A3956D46DE8}") = "Apps", "Apps", "{F39894AA-2367-4CD9-A1AF-A8455B4A4DB1}"
EndProject
Project("{FAE04EC0-301F-11D3-BF4B-00C04F79EFBC}") = "MarcelJoachimKloubert.SendNET.Test", "MarcelJoachimKloubert.SendNET.Test\MarcelJoachimKloubert.SendNET.Test.csproj", "{D8C72038-2998-40DC-BA4B-F0AADEDF08F0}"
EndProject
Global
	GlobalSection(SolutionConfigurationPlatforms) = preSolution
		Debug|Any CPU = Debug|Any CPU
		Release|Any CPU = Release|Any CPU
	EndGlobalSection
	GlobalSection(ProjectConfigurationPlatforms) = postSolution
		{62DA474B-23FA-4337-8E0E-C6821336E4BD}.Debug|Any CPU.ActiveCfg = Debug|Any CPU
		{62DA474B-23FA-4337-8E0E-C6821336E4BD}.Debug|Any CPU.Build.0 = Debug|Any CPU
		{62DA474B-23FA-4337-8E0E-C6821336E4BD}.Release|Any CPU.ActiveCfg = Release|Any CPU
		{62DA474B-23FA-4337-8E0E-C6821336E4BD}.Release|Any CPU.Build.0 = Release|Any CPU
		{CCC011BA-A807-48EE-85E4-BA8D3D0E6B0C}.Debug|Any CPU.ActiveCfg = Debug|Any CPU
		{CCC011BA-A807-48EE-85E4-BA8D3D0E6B0C}.Debug|Any CPU.Build.0 = Debug|Any CPU
		{CCC011BA-A807-48EE-85E4-BA8D3D0E6B0C}.Release|Any CPU.ActiveCfg = Release|Any CPU
		{CCC011BA-A807-48EE-85E4-BA8D3D0E6B0C}.Release|Any CPU.Build.0 = Release|Any CPU
		{D8C72038-2998-40DC-BA4B-F0AADEDF08F0}.Debug|Any CPU.ActiveCfg = Debug|Any CPU
		{D8C72038-2998-40DC-BA4B-F0AADEDF08F0}.Debug|Any CPU.Build.0 = Debug|Any CPU
		{D8C72038-2998-40DC-BA4B-F0AADEDF08F0}.Release|Any CPU.ActiveCfg = Release|Any CPU
		{D8C72038-2998-40DC-BA4B-F0AADEDF08F0}.Release|Any CPU.Build.0 = Release|Any CPU
	EndGlobalSection
	GlobalSection(SolutionProperties) = preSolution
		HideSolutionNode = FALSE
	EndGlobalSection
	GlobalSection(NestedProjects) = preSolution
		{CCC011BA-A807-48EE-85E4-BA8D3D0E6B0C} = {F39894AA-2367-4CD9-A1AF-A8455B4A4DB1}
	EndGlobalSection
EndGlobal
